
Microsoft Visual Studio Solution File, Format Version 12.00
# Visual Studio Version 17
VisualStudioVersion = 17.13.35919.96 d17.13
MinimumVisualStudioVersion = 10.0.40219.1
Project("{FAE04EC0-301F-11D3-BF4B-00C04F79EFBC}") = "CuevaE_WebApp_LigaPro", "WebApp_LigaPro\CuevaE_WebApp_LigaPro.csproj", "{08526CCF-A70E-40FA-B8BA-7262E5BCC173}"
EndProject
Global
	GlobalSection(SolutionConfigurationPlatforms) = preSolution
		Debug|Any CPU = Debug|Any CPU
		Release|Any CPU = Release|Any CPU
	EndGlobalSection
	GlobalSection(ProjectConfigurationPlatforms) = postSolution
		{08526CCF-A70E-40FA-B8BA-7262E5BCC173}.Debug|Any CPU.ActiveCfg = Debug|Any CPU
		{08526CCF-A70E-40FA-B8BA-7262E5BCC173}.Debug|Any CPU.Build.0 = Debug|Any CPU
		{08526CCF-A70E-40FA-B8BA-7262E5BCC173}.Release|Any CPU.ActiveCfg = Release|Any CPU
		{08526CCF-A70E-40FA-B8BA-7262E5BCC173}.Release|Any CPU.Build.0 = Release|Any CPU
	EndGlobalSection
	GlobalSection(SolutionProperties) = preSolution
		HideSolutionNode = FALSE
	EndGlobalSection
	GlobalSection(ExtensibilityGlobals) = postSolution
		SolutionGuid = {00520EC1-D7AA-404F-B25C-589CFDD1AE12}
	EndGlobalSection
EndGlobal
